// !$*UTF8*$!
{
	archiveVersion = 1;
	classes = {
	};
	objectVersion = 56;
	objects = {

/* Begin PBXBuildFile section */
		01F0921D548B31E1BF128367 /* Pods_TendableSurvey_TendableSurveyUITests.framework in Frameworks */ = {isa = PBXBuildFile; fileRef = A469C4485984C68121032E79 /* Pods_TendableSurvey_TendableSurveyUITests.framework */; };
		47EF19E60FC9911F8F9D9DC1 /* Pods_TendableSurvey.framework in Frameworks */ = {isa = PBXBuildFile; fileRef = C36EA46BD6F1FCB79B9803B5 /* Pods_TendableSurvey.framework */; };
		A58AF0EC2C6284F100D742A5 /* AppDelegate.swift in Sources */ = {isa = PBXBuildFile; fileRef = A58AF0EB2C6284F100D742A5 /* AppDelegate.swift */; };
		A58AF0EE2C6284F100D742A5 /* SceneDelegate.swift in Sources */ = {isa = PBXBuildFile; fileRef = A58AF0ED2C6284F100D742A5 /* SceneDelegate.swift */; };
		A58AF0F02C6284F100D742A5 /* LoginRegistrationVC.swift in Sources */ = {isa = PBXBuildFile; fileRef = A58AF0EF2C6284F100D742A5 /* LoginRegistrationVC.swift */; };
		A58AF0F32C6284F100D742A5 /* Main.storyboard in Resources */ = {isa = PBXBuildFile; fileRef = A58AF0F12C6284F100D742A5 /* Main.storyboard */; };
		A58AF0F52C6284F400D742A5 /* Assets.xcassets in Resources */ = {isa = PBXBuildFile; fileRef = A58AF0F42C6284F400D742A5 /* Assets.xcassets */; };
		A58AF0F82C6284F400D742A5 /* LaunchScreen.storyboard in Resources */ = {isa = PBXBuildFile; fileRef = A58AF0F62C6284F400D742A5 /* LaunchScreen.storyboard */; };
		A58AF1032C6284F400D742A5 /* TendableSurveyTests.swift in Sources */ = {isa = PBXBuildFile; fileRef = A58AF1022C6284F400D742A5 /* TendableSurveyTests.swift */; };
		A58AF10D2C6284F400D742A5 /* TendableSurveyUITests.swift in Sources */ = {isa = PBXBuildFile; fileRef = A58AF10C2C6284F400D742A5 /* TendableSurveyUITests.swift */; };
		A58AF10F2C6284F400D742A5 /* TendableSurveyUITestsLaunchTests.swift in Sources */ = {isa = PBXBuildFile; fileRef = A58AF10E2C6284F400D742A5 /* TendableSurveyUITestsLaunchTests.swift */; };
		A58AF1252C62899300D742A5 /* TendableAPI.swift in Sources */ = {isa = PBXBuildFile; fileRef = A58AF1222C62899300D742A5 /* TendableAPI.swift */; };
		A58AF1262C62899300D742A5 /* Extensions.swift in Sources */ = {isa = PBXBuildFile; fileRef = A58AF1232C62899300D742A5 /* Extensions.swift */; };
		A58AF1272C62899300D742A5 /* Reachability.swift in Sources */ = {isa = PBXBuildFile; fileRef = A58AF1242C62899300D742A5 /* Reachability.swift */; };
		A58AF1292C62962100D742A5 /* ErrorModel.swift in Sources */ = {isa = PBXBuildFile; fileRef = A58AF1282C62962100D742A5 /* ErrorModel.swift */; };
		A58AF1372C62973800D742A5 /* LoginRegistrationVM.swift in Sources */ = {isa = PBXBuildFile; fileRef = A58AF1362C62973800D742A5 /* LoginRegistrationVM.swift */; };
		A58AF1392C62A45D00D742A5 /* SuccessModel.swift in Sources */ = {isa = PBXBuildFile; fileRef = A58AF1382C62A45D00D742A5 /* SuccessModel.swift */; };
		A58AF13B2C63C7D800D742A5 /* Common.swift in Sources */ = {isa = PBXBuildFile; fileRef = A58AF13A2C63C7D800D742A5 /* Common.swift */; };
		A58AF13D2C64670D00D742A5 /* SurveyFormVC.swift in Sources */ = {isa = PBXBuildFile; fileRef = A58AF13C2C64670D00D742A5 /* SurveyFormVC.swift */; };
		A58AF13F2C64673100D742A5 /* SurveyFormModel.swift in Sources */ = {isa = PBXBuildFile; fileRef = A58AF13E2C64673100D742A5 /* SurveyFormModel.swift */; };
		A58AF1412C64682500D742A5 /* SurveyFormVM.swift in Sources */ = {isa = PBXBuildFile; fileRef = A58AF1402C64682500D742A5 /* SurveyFormVM.swift */; };
		A58AF1442C653ACF00D742A5 /* FormQATVC.swift in Sources */ = {isa = PBXBuildFile; fileRef = A58AF1422C653ACF00D742A5 /* FormQATVC.swift */; };
		A58AF1452C653ACF00D742A5 /* FormQATVC.xib in Resources */ = {isa = PBXBuildFile; fileRef = A58AF1432C653ACF00D742A5 /* FormQATVC.xib */; };
		A58AF1482C653AEF00D742A5 /* FormQAOptionsTVC.swift in Sources */ = {isa = PBXBuildFile; fileRef = A58AF1462C653AEF00D742A5 /* FormQAOptionsTVC.swift */; };
		A58AF1492C653AEF00D742A5 /* FormQAOptionsTVC.xib in Resources */ = {isa = PBXBuildFile; fileRef = A58AF1472C653AEF00D742A5 /* FormQAOptionsTVC.xib */; };
		A58AF14C2C669B3200D742A5 /* TendableSurvey.xcdatamodeld in Sources */ = {isa = PBXBuildFile; fileRef = A58AF14A2C669B3200D742A5 /* TendableSurvey.xcdatamodeld */; };
		A58AF14E2C669C7800D742A5 /* DBManager.swift in Sources */ = {isa = PBXBuildFile; fileRef = A58AF14D2C669C7800D742A5 /* DBManager.swift */; };
		A58AF14F2C669E0300D742A5 /* TendableSurvey.xcdatamodeld in Sources */ = {isa = PBXBuildFile; fileRef = A58AF14A2C669B3200D742A5 /* TendableSurvey.xcdatamodeld */; };
		A58AF1502C669E0400D742A5 /* TendableSurvey.xcdatamodeld in Sources */ = {isa = PBXBuildFile; fileRef = A58AF14A2C669B3200D742A5 /* TendableSurvey.xcdatamodeld */; };
		A58AF1522C66A49F00D742A5 /* SurveyFormEntity+CoreDataClass.swift in Sources */ = {isa = PBXBuildFile; fileRef = A58AF1512C66A49E00D742A5 /* SurveyFormEntity+CoreDataClass.swift */; };
		A58AF1542C66A4A900D742A5 /* SurveyFormEntity+CoreDataProperties.swift in Sources */ = {isa = PBXBuildFile; fileRef = A58AF1532C66A4A900D742A5 /* SurveyFormEntity+CoreDataProperties.swift */; };
		A58AF15B2C66B15A00D742A5 /* SavedListVC.swift in Sources */ = {isa = PBXBuildFile; fileRef = A58AF15A2C66B15A00D742A5 /* SavedListVC.swift */; };
		A58AF15F2C66B60F00D742A5 /* SavedItemTVC.swift in Sources */ = {isa = PBXBuildFile; fileRef = A58AF15D2C66B60F00D742A5 /* SavedItemTVC.swift */; };
		A58AF1602C66B60F00D742A5 /* SavedItemTVC.xib in Resources */ = {isa = PBXBuildFile; fileRef = A58AF15E2C66B60F00D742A5 /* SavedItemTVC.xib */; };
		A58AF1622C66B64300D742A5 /* SavedListVM.swift in Sources */ = {isa = PBXBuildFile; fileRef = A58AF1612C66B64300D742A5 /* SavedListVM.swift */; };
		A592BB7B2C73AD07002244E6 /* MockAPI.swift in Sources */ = {isa = PBXBuildFile; fileRef = A592BB7A2C73AD07002244E6 /* MockAPI.swift */; };
		AEB9D81B1AB5D3B7C6AD00C5 /* Pods_TendableSurveyTests.framework in Frameworks */ = {isa = PBXBuildFile; fileRef = DB74C23F55C9469F4D2620CF /* Pods_TendableSurveyTests.framework */; };
/* End PBXBuildFile section */

/* Begin PBXContainerItemProxy section */
		A58AF0FF2C6284F400D742A5 /* PBXContainerItemProxy */ = {
			isa = PBXContainerItemProxy;
			containerPortal = A58AF0E02C6284F100D742A5 /* Project object */;
			proxyType = 1;
			remoteGlobalIDString = A58AF0E72C6284F100D742A5;
			remoteInfo = TendableSurvey;
		};
		A58AF1092C6284F400D742A5 /* PBXContainerItemProxy */ = {
			isa = PBXContainerItemProxy;
			containerPortal = A58AF0E02C6284F100D742A5 /* Project object */;
			proxyType = 1;
			remoteGlobalIDString = A58AF0E72C6284F100D742A5;
			remoteInfo = TendableSurvey;
		};
/* End PBXContainerItemProxy section */

/* Begin PBXFileReference section */
		2178AA09B4E808B20BBAF5B6 /* Pods-TendableSurveyTests.release.xcconfig */ = {isa = PBXFileReference; includeInIndex = 1; lastKnownFileType = text.xcconfig; name = "Pods-TendableSurveyTests.release.xcconfig"; path = "Target Support Files/Pods-TendableSurveyTests/Pods-TendableSurveyTests.release.xcconfig"; sourceTree = "<group>"; };
		49AFE2E803BD7EBB5E286E0F /* Pods-TendableSurvey-TendableSurveyUITests.debug.xcconfig */ = {isa = PBXFileReference; includeInIndex = 1; lastKnownFileType = text.xcconfig; name = "Pods-TendableSurvey-TendableSurveyUITests.debug.xcconfig"; path = "Target Support Files/Pods-TendableSurvey-TendableSurveyUITests/Pods-TendableSurvey-TendableSurveyUITests.debug.xcconfig"; sourceTree = "<group>"; };
		4FB35F243092698241736231 /* Pods-TendableSurvey-TendableSurveyUITests.release.xcconfig */ = {isa = PBXFileReference; includeInIndex = 1; lastKnownFileType = text.xcconfig; name = "Pods-TendableSurvey-TendableSurveyUITests.release.xcconfig"; path = "Target Support Files/Pods-TendableSurvey-TendableSurveyUITests/Pods-TendableSurvey-TendableSurveyUITests.release.xcconfig"; sourceTree = "<group>"; };
		897F0E0120EC3EB5ADB7E912 /* Pods-TendableSurvey.debug.xcconfig */ = {isa = PBXFileReference; includeInIndex = 1; lastKnownFileType = text.xcconfig; name = "Pods-TendableSurvey.debug.xcconfig"; path = "Target Support Files/Pods-TendableSurvey/Pods-TendableSurvey.debug.xcconfig"; sourceTree = "<group>"; };
		8C8900CEF0BE1B3C4E18FEC0 /* Pods-TendableSurvey.release.xcconfig */ = {isa = PBXFileReference; includeInIndex = 1; lastKnownFileType = text.xcconfig; name = "Pods-TendableSurvey.release.xcconfig"; path = "Target Support Files/Pods-TendableSurvey/Pods-TendableSurvey.release.xcconfig"; sourceTree = "<group>"; };
		A469C4485984C68121032E79 /* Pods_TendableSurvey_TendableSurveyUITests.framework */ = {isa = PBXFileReference; explicitFileType = wrapper.framework; includeInIndex = 0; path = Pods_TendableSurvey_TendableSurveyUITests.framework; sourceTree = BUILT_PRODUCTS_DIR; };
		A58AF0E82C6284F100D742A5 /* TendableSurvey.app */ = {isa = PBXFileReference; explicitFileType = wrapper.application; includeInIndex = 0; path = TendableSurvey.app; sourceTree = BUILT_PRODUCTS_DIR; };
		A58AF0EB2C6284F100D742A5 /* AppDelegate.swift */ = {isa = PBXFileReference; lastKnownFileType = sourcecode.swift; path = AppDelegate.swift; sourceTree = "<group>"; };
		A58AF0ED2C6284F100D742A5 /* SceneDelegate.swift */ = {isa = PBXFileReference; lastKnownFileType = sourcecode.swift; path = SceneDelegate.swift; sourceTree = "<group>"; };
		A58AF0EF2C6284F100D742A5 /* LoginRegistrationVC.swift */ = {isa = PBXFileReference; lastKnownFileType = sourcecode.swift; path = LoginRegistrationVC.swift; sourceTree = "<group>"; };
		A58AF0F22C6284F100D742A5 /* Base */ = {isa = PBXFileReference; lastKnownFileType = file.storyboard; name = Base; path = Base.lproj/Main.storyboard; sourceTree = "<group>"; };
		A58AF0F42C6284F400D742A5 /* Assets.xcassets */ = {isa = PBXFileReference; lastKnownFileType = folder.assetcatalog; path = Assets.xcassets; sourceTree = "<group>"; };
		A58AF0F72C6284F400D742A5 /* Base */ = {isa = PBXFileReference; lastKnownFileType = file.storyboard; name = Base; path = Base.lproj/LaunchScreen.storyboard; sourceTree = "<group>"; };
		A58AF0F92C6284F400D742A5 /* Info.plist */ = {isa = PBXFileReference; lastKnownFileType = text.plist.xml; path = Info.plist; sourceTree = "<group>"; };
		A58AF0FE2C6284F400D742A5 /* TendableSurveyTests.xctest */ = {isa = PBXFileReference; explicitFileType = wrapper.cfbundle; includeInIndex = 0; path = TendableSurveyTests.xctest; sourceTree = BUILT_PRODUCTS_DIR; };
		A58AF1022C6284F400D742A5 /* TendableSurveyTests.swift */ = {isa = PBXFileReference; lastKnownFileType = sourcecode.swift; path = TendableSurveyTests.swift; sourceTree = "<group>"; };
		A58AF1082C6284F400D742A5 /* TendableSurveyUITests.xctest */ = {isa = PBXFileReference; explicitFileType = wrapper.cfbundle; includeInIndex = 0; path = TendableSurveyUITests.xctest; sourceTree = BUILT_PRODUCTS_DIR; };
		A58AF10C2C6284F400D742A5 /* TendableSurveyUITests.swift */ = {isa = PBXFileReference; lastKnownFileType = sourcecode.swift; path = TendableSurveyUITests.swift; sourceTree = "<group>"; };
		A58AF10E2C6284F400D742A5 /* TendableSurveyUITestsLaunchTests.swift */ = {isa = PBXFileReference; lastKnownFileType = sourcecode.swift; path = TendableSurveyUITestsLaunchTests.swift; sourceTree = "<group>"; };
		A58AF1222C62899300D742A5 /* TendableAPI.swift */ = {isa = PBXFileReference; fileEncoding = 4; lastKnownFileType = sourcecode.swift; path = TendableAPI.swift; sourceTree = "<group>"; };
		A58AF1232C62899300D742A5 /* Extensions.swift */ = {isa = PBXFileReference; fileEncoding = 4; lastKnownFileType = sourcecode.swift; path = Extensions.swift; sourceTree = "<group>"; };
		A58AF1242C62899300D742A5 /* Reachability.swift */ = {isa = PBXFileReference; fileEncoding = 4; lastKnownFileType = sourcecode.swift; path = Reachability.swift; sourceTree = "<group>"; };
		A58AF1282C62962100D742A5 /* ErrorModel.swift */ = {isa = PBXFileReference; fileEncoding = 4; lastKnownFileType = sourcecode.swift; path = ErrorModel.swift; sourceTree = "<group>"; };
		A58AF1362C62973800D742A5 /* LoginRegistrationVM.swift */ = {isa = PBXFileReference; fileEncoding = 4; lastKnownFileType = sourcecode.swift; path = LoginRegistrationVM.swift; sourceTree = "<group>"; };
		A58AF1382C62A45D00D742A5 /* SuccessModel.swift */ = {isa = PBXFileReference; lastKnownFileType = sourcecode.swift; path = SuccessModel.swift; sourceTree = "<group>"; };
		A58AF13A2C63C7D800D742A5 /* Common.swift */ = {isa = PBXFileReference; lastKnownFileType = sourcecode.swift; path = Common.swift; sourceTree = "<group>"; };
		A58AF13C2C64670D00D742A5 /* SurveyFormVC.swift */ = {isa = PBXFileReference; lastKnownFileType = sourcecode.swift; path = SurveyFormVC.swift; sourceTree = "<group>"; };
		A58AF13E2C64673100D742A5 /* SurveyFormModel.swift */ = {isa = PBXFileReference; lastKnownFileType = sourcecode.swift; path = SurveyFormModel.swift; sourceTree = "<group>"; };
		A58AF1402C64682500D742A5 /* SurveyFormVM.swift */ = {isa = PBXFileReference; lastKnownFileType = sourcecode.swift; path = SurveyFormVM.swift; sourceTree = "<group>"; };
		A58AF1422C653ACF00D742A5 /* FormQATVC.swift */ = {isa = PBXFileReference; lastKnownFileType = sourcecode.swift; path = FormQATVC.swift; sourceTree = "<group>"; };
		A58AF1432C653ACF00D742A5 /* FormQATVC.xib */ = {isa = PBXFileReference; lastKnownFileType = file.xib; path = FormQATVC.xib; sourceTree = "<group>"; };
		A58AF1462C653AEF00D742A5 /* FormQAOptionsTVC.swift */ = {isa = PBXFileReference; lastKnownFileType = sourcecode.swift; path = FormQAOptionsTVC.swift; sourceTree = "<group>"; };
		A58AF1472C653AEF00D742A5 /* FormQAOptionsTVC.xib */ = {isa = PBXFileReference; lastKnownFileType = file.xib; path = FormQAOptionsTVC.xib; sourceTree = "<group>"; };
		A58AF14B2C669B3200D742A5 /* TendableSurvey.xcdatamodel */ = {isa = PBXFileReference; lastKnownFileType = wrapper.xcdatamodel; path = TendableSurvey.xcdatamodel; sourceTree = "<group>"; };
		A58AF14D2C669C7800D742A5 /* DBManager.swift */ = {isa = PBXFileReference; lastKnownFileType = sourcecode.swift; path = DBManager.swift; sourceTree = "<group>"; };
		A58AF1512C66A49E00D742A5 /* SurveyFormEntity+CoreDataClass.swift */ = {isa = PBXFileReference; lastKnownFileType = sourcecode.swift; name = "SurveyFormEntity+CoreDataClass.swift"; path = "/Users/subhojitchatterjee/Documents/SWIFT WORK/TendableSurvey/TendableSurvey/Utilities/SurveyFormEntity+CoreDataClass.swift"; sourceTree = "<absolute>"; };
		A58AF1532C66A4A900D742A5 /* SurveyFormEntity+CoreDataProperties.swift */ = {isa = PBXFileReference; lastKnownFileType = sourcecode.swift; name = "SurveyFormEntity+CoreDataProperties.swift"; path = "/Users/subhojitchatterjee/Documents/SWIFT WORK/TendableSurvey/TendableSurvey/Utilities/SurveyFormEntity+CoreDataProperties.swift"; sourceTree = "<absolute>"; };
		A58AF15A2C66B15A00D742A5 /* SavedListVC.swift */ = {isa = PBXFileReference; lastKnownFileType = sourcecode.swift; path = SavedListVC.swift; sourceTree = "<group>"; };
		A58AF15D2C66B60F00D742A5 /* SavedItemTVC.swift */ = {isa = PBXFileReference; lastKnownFileType = sourcecode.swift; path = SavedItemTVC.swift; sourceTree = "<group>"; };
		A58AF15E2C66B60F00D742A5 /* SavedItemTVC.xib */ = {isa = PBXFileReference; lastKnownFileType = file.xib; path = SavedItemTVC.xib; sourceTree = "<group>"; };
		A58AF1612C66B64300D742A5 /* SavedListVM.swift */ = {isa = PBXFileReference; lastKnownFileType = sourcecode.swift; path = SavedListVM.swift; sourceTree = "<group>"; };
		A592BB7A2C73AD07002244E6 /* MockAPI.swift */ = {isa = PBXFileReference; lastKnownFileType = sourcecode.swift; path = MockAPI.swift; sourceTree = "<group>"; };
		C36EA46BD6F1FCB79B9803B5 /* Pods_TendableSurvey.framework */ = {isa = PBXFileReference; explicitFileType = wrapper.framework; includeInIndex = 0; path = Pods_TendableSurvey.framework; sourceTree = BUILT_PRODUCTS_DIR; };
		DB74C23F55C9469F4D2620CF /* Pods_TendableSurveyTests.framework */ = {isa = PBXFileReference; explicitFileType = wrapper.framework; includeInIndex = 0; path = Pods_TendableSurveyTests.framework; sourceTree = BUILT_PRODUCTS_DIR; };
		FFD14E4A09A2AAB7F19FEFF8 /* Pods-TendableSurveyTests.debug.xcconfig */ = {isa = PBXFileReference; includeInIndex = 1; lastKnownFileType = text.xcconfig; name = "Pods-TendableSurveyTests.debug.xcconfig"; path = "Target Support Files/Pods-TendableSurveyTests/Pods-TendableSurveyTests.debug.xcconfig"; sourceTree = "<group>"; };
/* End PBXFileReference section */

/* Begin PBXFrameworksBuildPhase section */
		A58AF0E52C6284F100D742A5 /* Frameworks */ = {
			isa = PBXFrameworksBuildPhase;
			buildActionMask = 2147483647;
			files = (
				47EF19E60FC9911F8F9D9DC1 /* Pods_TendableSurvey.framework in Frameworks */,
			);
			runOnlyForDeploymentPostprocessing = 0;
		};
		A58AF0FB2C6284F400D742A5 /* Frameworks */ = {
			isa = PBXFrameworksBuildPhase;
			buildActionMask = 2147483647;
			files = (
				AEB9D81B1AB5D3B7C6AD00C5 /* Pods_TendableSurveyTests.framework in Frameworks */,
			);
			runOnlyForDeploymentPostprocessing = 0;
		};
		A58AF1052C6284F400D742A5 /* Frameworks */ = {
			isa = PBXFrameworksBuildPhase;
			buildActionMask = 2147483647;
			files = (
				01F0921D548B31E1BF128367 /* Pods_TendableSurvey_TendableSurveyUITests.framework in Frameworks */,
			);
			runOnlyForDeploymentPostprocessing = 0;
		};
/* End PBXFrameworksBuildPhase section */

/* Begin PBXGroup section */
		27D4EA7CEC0D3B9FB2E6BCCB /* Frameworks */ = {
			isa = PBXGroup;
			children = (
				C36EA46BD6F1FCB79B9803B5 /* Pods_TendableSurvey.framework */,
				A469C4485984C68121032E79 /* Pods_TendableSurvey_TendableSurveyUITests.framework */,
				DB74C23F55C9469F4D2620CF /* Pods_TendableSurveyTests.framework */,
			);
			name = Frameworks;
			sourceTree = "<group>";
		};
		7DCAAD810DD5DA3411BD914E /* Pods */ = {
			isa = PBXGroup;
			children = (
				897F0E0120EC3EB5ADB7E912 /* Pods-TendableSurvey.debug.xcconfig */,
				8C8900CEF0BE1B3C4E18FEC0 /* Pods-TendableSurvey.release.xcconfig */,
				49AFE2E803BD7EBB5E286E0F /* Pods-TendableSurvey-TendableSurveyUITests.debug.xcconfig */,
				4FB35F243092698241736231 /* Pods-TendableSurvey-TendableSurveyUITests.release.xcconfig */,
				FFD14E4A09A2AAB7F19FEFF8 /* Pods-TendableSurveyTests.debug.xcconfig */,
				2178AA09B4E808B20BBAF5B6 /* Pods-TendableSurveyTests.release.xcconfig */,
			);
			path = Pods;
			sourceTree = "<group>";
		};
		A58AF0DF2C6284F100D742A5 = {
			isa = PBXGroup;
			children = (
				A58AF14A2C669B3200D742A5 /* TendableSurvey.xcdatamodeld */,
				A58AF0EA2C6284F100D742A5 /* TendableSurvey */,
				A58AF1012C6284F400D742A5 /* TendableSurveyTests */,
				A58AF10B2C6284F400D742A5 /* TendableSurveyUITests */,
				A58AF0E92C6284F100D742A5 /* Products */,
				7DCAAD810DD5DA3411BD914E /* Pods */,
				27D4EA7CEC0D3B9FB2E6BCCB /* Frameworks */,
			);
			sourceTree = "<group>";
		};
		A58AF0E92C6284F100D742A5 /* Products */ = {
			isa = PBXGroup;
			children = (
				A58AF0E82C6284F100D742A5 /* TendableSurvey.app */,
				A58AF0FE2C6284F400D742A5 /* TendableSurveyTests.xctest */,
				A58AF1082C6284F400D742A5 /* TendableSurveyUITests.xctest */,
			);
			name = Products;
			sourceTree = "<group>";
		};
		A58AF0EA2C6284F100D742A5 /* TendableSurvey */ = {
			isa = PBXGroup;
			children = (
				A58AF1552C66B0C300D742A5 /* SavedList */,
				A58AF12A2C6296BE00D742A5 /* Survey */,
				A58AF1322C6296D200D742A5 /* LoginRegistration */,
				A58AF1212C62899300D742A5 /* Utilities */,
				A58AF0EB2C6284F100D742A5 /* AppDelegate.swift */,
				A58AF0ED2C6284F100D742A5 /* SceneDelegate.swift */,
				A58AF0F12C6284F100D742A5 /* Main.storyboard */,
				A58AF0F42C6284F400D742A5 /* Assets.xcassets */,
				A58AF0F62C6284F400D742A5 /* LaunchScreen.storyboard */,
				A58AF0F92C6284F400D742A5 /* Info.plist */,
			);
			path = TendableSurvey;
			sourceTree = "<group>";
		};
		A58AF1012C6284F400D742A5 /* TendableSurveyTests */ = {
			isa = PBXGroup;
			children = (
				A58AF1022C6284F400D742A5 /* TendableSurveyTests.swift */,
			);
			path = TendableSurveyTests;
			sourceTree = "<group>";
		};
		A58AF10B2C6284F400D742A5 /* TendableSurveyUITests */ = {
			isa = PBXGroup;
			children = (
				A58AF10C2C6284F400D742A5 /* TendableSurveyUITests.swift */,
				A58AF10E2C6284F400D742A5 /* TendableSurveyUITestsLaunchTests.swift */,
			);
			path = TendableSurveyUITests;
			sourceTree = "<group>";
		};
		A58AF1212C62899300D742A5 /* Utilities */ = {
			isa = PBXGroup;
			children = (
				A58AF1632C68CDAA00D742A5 /* Database */,
				A58AF1222C62899300D742A5 /* TendableAPI.swift */,
				A58AF1232C62899300D742A5 /* Extensions.swift */,
				A58AF1242C62899300D742A5 /* Reachability.swift */,
				A58AF13A2C63C7D800D742A5 /* Common.swift */,
				A592BB7A2C73AD07002244E6 /* MockAPI.swift */,
			);
			path = Utilities;
			sourceTree = "<group>";
		};
		A58AF12A2C6296BE00D742A5 /* Survey */ = {
			isa = PBXGroup;
			children = (
				A58AF12B2C6296BE00D742A5 /* Model */,
				A58AF12D2C6296BE00D742A5 /* View Model */,
				A58AF12C2C6296BE00D742A5 /* View */,
			);
			path = Survey;
			sourceTree = "<group>";
		};
		A58AF12B2C6296BE00D742A5 /* Model */ = {
			isa = PBXGroup;
			children = (
				A58AF13E2C64673100D742A5 /* SurveyFormModel.swift */,
			);
			path = Model;
			sourceTree = "<group>";
		};
		A58AF12C2C6296BE00D742A5 /* View */ = {
			isa = PBXGroup;
			children = (
				A58AF1592C66B10F00D742A5 /* Cell */,
				A58AF13C2C64670D00D742A5 /* SurveyFormVC.swift */,
			);
			path = View;
			sourceTree = "<group>";
		};
		A58AF12D2C6296BE00D742A5 /* View Model */ = {
			isa = PBXGroup;
			children = (
				A58AF1402C64682500D742A5 /* SurveyFormVM.swift */,
			);
			path = "View Model";
			sourceTree = "<group>";
		};
		A58AF1322C6296D200D742A5 /* LoginRegistration */ = {
			isa = PBXGroup;
			children = (
				A58AF1332C6296E300D742A5 /* Model */,
				A58AF1342C6296EB00D742A5 /* View Model */,
				A58AF1352C6296F100D742A5 /* View */,
			);
			path = LoginRegistration;
			sourceTree = "<group>";
		};
		A58AF1332C6296E300D742A5 /* Model */ = {
			isa = PBXGroup;
			children = (
				A58AF1282C62962100D742A5 /* ErrorModel.swift */,
				A58AF1382C62A45D00D742A5 /* SuccessModel.swift */,
			);
			path = Model;
			sourceTree = "<group>";
		};
		A58AF1342C6296EB00D742A5 /* View Model */ = {
			isa = PBXGroup;
			children = (
				A58AF1362C62973800D742A5 /* LoginRegistrationVM.swift */,
			);
			path = "View Model";
			sourceTree = "<group>";
		};
		A58AF1352C6296F100D742A5 /* View */ = {
			isa = PBXGroup;
			children = (
				A58AF0EF2C6284F100D742A5 /* LoginRegistrationVC.swift */,
			);
			path = View;
			sourceTree = "<group>";
		};
		A58AF1552C66B0C300D742A5 /* SavedList */ = {
			isa = PBXGroup;
			children = (
				A58AF1572C66B0FC00D742A5 /* View Model */,
				A58AF1562C66B0F200D742A5 /* View */,
			);
			path = SavedList;
			sourceTree = "<group>";
		};
		A58AF1562C66B0F200D742A5 /* View */ = {
			isa = PBXGroup;
			children = (
				A58AF15C2C66B5E900D742A5 /* Cell */,
				A58AF15A2C66B15A00D742A5 /* SavedListVC.swift */,
			);
			path = View;
			sourceTree = "<group>";
		};
		A58AF1572C66B0FC00D742A5 /* View Model */ = {
			isa = PBXGroup;
			children = (
				A58AF1612C66B64300D742A5 /* SavedListVM.swift */,
			);
			path = "View Model";
			sourceTree = "<group>";
		};
		A58AF1592C66B10F00D742A5 /* Cell */ = {
			isa = PBXGroup;
			children = (
				A58AF1422C653ACF00D742A5 /* FormQATVC.swift */,
				A58AF1432C653ACF00D742A5 /* FormQATVC.xib */,
				A58AF1462C653AEF00D742A5 /* FormQAOptionsTVC.swift */,
				A58AF1472C653AEF00D742A5 /* FormQAOptionsTVC.xib */,
			);
			path = Cell;
			sourceTree = "<group>";
		};
		A58AF15C2C66B5E900D742A5 /* Cell */ = {
			isa = PBXGroup;
			children = (
				A58AF15D2C66B60F00D742A5 /* SavedItemTVC.swift */,
				A58AF15E2C66B60F00D742A5 /* SavedItemTVC.xib */,
			);
			path = Cell;
			sourceTree = "<group>";
		};
		A58AF1632C68CDAA00D742A5 /* Database */ = {
			isa = PBXGroup;
			children = (
				A58AF1512C66A49E00D742A5 /* SurveyFormEntity+CoreDataClass.swift */,
				A58AF1532C66A4A900D742A5 /* SurveyFormEntity+CoreDataProperties.swift */,
				A58AF14D2C669C7800D742A5 /* DBManager.swift */,
			);
			path = Database;
			sourceTree = "<group>";
		};
/* End PBXGroup section */

/* Begin PBXNativeTarget section */
		A58AF0E72C6284F100D742A5 /* TendableSurvey */ = {
			isa = PBXNativeTarget;
			buildConfigurationList = A58AF1122C6284F400D742A5 /* Build configuration list for PBXNativeTarget "TendableSurvey" */;
			buildPhases = (
				891AE005CF7863E41B742E24 /* [CP] Check Pods Manifest.lock */,
				A58AF0E42C6284F100D742A5 /* Sources */,
				A58AF0E52C6284F100D742A5 /* Frameworks */,
				A58AF0E62C6284F100D742A5 /* Resources */,
				3F1884917471EE2712EBCDE8 /* [CP] Embed Pods Frameworks */,
			);
			buildRules = (
			);
			dependencies = (
			);
			name = TendableSurvey;
			productName = TendableSurvey;
			productReference = A58AF0E82C6284F100D742A5 /* TendableSurvey.app */;
			productType = "com.apple.product-type.application";
		};
		A58AF0FD2C6284F400D742A5 /* TendableSurveyTests */ = {
			isa = PBXNativeTarget;
			buildConfigurationList = A58AF1152C6284F400D742A5 /* Build configuration list for PBXNativeTarget "TendableSurveyTests" */;
			buildPhases = (
				F7CF44AEC0899B975FB3E8D1 /* [CP] Check Pods Manifest.lock */,
				A58AF0FA2C6284F400D742A5 /* Sources */,
				A58AF0FB2C6284F400D742A5 /* Frameworks */,
				A58AF0FC2C6284F400D742A5 /* Resources */,
			);
			buildRules = (
			);
			dependencies = (
				A58AF1002C6284F400D742A5 /* PBXTargetDependency */,
			);
			name = TendableSurveyTests;
			productName = TendableSurveyTests;
			productReference = A58AF0FE2C6284F400D742A5 /* TendableSurveyTests.xctest */;
			productType = "com.apple.product-type.bundle.unit-test";
		};
		A58AF1072C6284F400D742A5 /* TendableSurveyUITests */ = {
			isa = PBXNativeTarget;
			buildConfigurationList = A58AF1182C6284F400D742A5 /* Build configuration list for PBXNativeTarget "TendableSurveyUITests" */;
			buildPhases = (
				DC32A3837324099F6E571248 /* [CP] Check Pods Manifest.lock */,
				A58AF1042C6284F400D742A5 /* Sources */,
				A58AF1052C6284F400D742A5 /* Frameworks */,
				A58AF1062C6284F400D742A5 /* Resources */,
				DEFABA5D48D2F28796964DF1 /* [CP] Embed Pods Frameworks */,
			);
			buildRules = (
			);
			dependencies = (
				A58AF10A2C6284F400D742A5 /* PBXTargetDependency */,
			);
			name = TendableSurveyUITests;
			productName = TendableSurveyUITests;
			productReference = A58AF1082C6284F400D742A5 /* TendableSurveyUITests.xctest */;
			productType = "com.apple.product-type.bundle.ui-testing";
		};
/* End PBXNativeTarget section */

/* Begin PBXProject section */
		A58AF0E02C6284F100D742A5 /* Project object */ = {
			isa = PBXProject;
			attributes = {
				BuildIndependentTargetsInParallel = 1;
				LastSwiftUpdateCheck = 1500;
				LastUpgradeCheck = 1500;
				TargetAttributes = {
					A58AF0E72C6284F100D742A5 = {
						CreatedOnToolsVersion = 15.0.1;
					};
					A58AF0FD2C6284F400D742A5 = {
						CreatedOnToolsVersion = 15.0.1;
						TestTargetID = A58AF0E72C6284F100D742A5;
					};
					A58AF1072C6284F400D742A5 = {
						CreatedOnToolsVersion = 15.0.1;
						TestTargetID = A58AF0E72C6284F100D742A5;
					};
				};
			};
			buildConfigurationList = A58AF0E32C6284F100D742A5 /* Build configuration list for PBXProject "TendableSurvey" */;
			compatibilityVersion = "Xcode 14.0";
			developmentRegion = en;
			hasScannedForEncodings = 0;
			knownRegions = (
				en,
				Base,
			);
			mainGroup = A58AF0DF2C6284F100D742A5;
			productRefGroup = A58AF0E92C6284F100D742A5 /* Products */;
			projectDirPath = "";
			projectRoot = "";
			targets = (
				A58AF0E72C6284F100D742A5 /* TendableSurvey */,
				A58AF0FD2C6284F400D742A5 /* TendableSurveyTests */,
				A58AF1072C6284F400D742A5 /* TendableSurveyUITests */,
			);
		};
/* End PBXProject section */

/* Begin PBXResourcesBuildPhase section */
		A58AF0E62C6284F100D742A5 /* Resources */ = {
			isa = PBXResourcesBuildPhase;
			buildActionMask = 2147483647;
			files = (
				A58AF0F82C6284F400D742A5 /* LaunchScreen.storyboard in Resources */,
				A58AF1452C653ACF00D742A5 /* FormQATVC.xib in Resources */,
				A58AF0F52C6284F400D742A5 /* Assets.xcassets in Resources */,
				A58AF1492C653AEF00D742A5 /* FormQAOptionsTVC.xib in Resources */,
				A58AF1602C66B60F00D742A5 /* SavedItemTVC.xib in Resources */,
				A58AF0F32C6284F100D742A5 /* Main.storyboard in Resources */,
			);
			runOnlyForDeploymentPostprocessing = 0;
		};
		A58AF0FC2C6284F400D742A5 /* Resources */ = {
			isa = PBXResourcesBuildPhase;
			buildActionMask = 2147483647;
			files = (
			);
			runOnlyForDeploymentPostprocessing = 0;
		};
		A58AF1062C6284F400D742A5 /* Resources */ = {
			isa = PBXResourcesBuildPhase;
			buildActionMask = 2147483647;
			files = (
			);
			runOnlyForDeploymentPostprocessing = 0;
		};
/* End PBXResourcesBuildPhase section */

/* Begin PBXShellScriptBuildPhase section */
		3F1884917471EE2712EBCDE8 /* [CP] Embed Pods Frameworks */ = {
			isa = PBXShellScriptBuildPhase;
			buildActionMask = 2147483647;
			files = (
			);
			inputFileListPaths = (
				"${PODS_ROOT}/Target Support Files/Pods-TendableSurvey/Pods-TendableSurvey-frameworks-${CONFIGURATION}-input-files.xcfilelist",
			);
			name = "[CP] Embed Pods Frameworks";
			outputFileListPaths = (
				"${PODS_ROOT}/Target Support Files/Pods-TendableSurvey/Pods-TendableSurvey-frameworks-${CONFIGURATION}-output-files.xcfilelist",
			);
			runOnlyForDeploymentPostprocessing = 0;
			shellPath = /bin/sh;
			shellScript = "\"${PODS_ROOT}/Target Support Files/Pods-TendableSurvey/Pods-TendableSurvey-frameworks.sh\"\n";
			showEnvVarsInLog = 0;
		};
		891AE005CF7863E41B742E24 /* [CP] Check Pods Manifest.lock */ = {
			isa = PBXShellScriptBuildPhase;
			buildActionMask = 2147483647;
			files = (
			);
			inputFileListPaths = (
			);
			inputPaths = (
				"${PODS_PODFILE_DIR_PATH}/Podfile.lock",
				"${PODS_ROOT}/Manifest.lock",
			);
			name = "[CP] Check Pods Manifest.lock";
			outputFileListPaths = (
			);
			outputPaths = (
				"$(DERIVED_FILE_DIR)/Pods-TendableSurvey-checkManifestLockResult.txt",
			);
			runOnlyForDeploymentPostprocessing = 0;
			shellPath = /bin/sh;
			shellScript = "diff \"${PODS_PODFILE_DIR_PATH}/Podfile.lock\" \"${PODS_ROOT}/Manifest.lock\" > /dev/null\nif [ $? != 0 ] ; then\n    # print error to STDERR\n    echo \"error: The sandbox is not in sync with the Podfile.lock. Run 'pod install' or update your CocoaPods installation.\" >&2\n    exit 1\nfi\n# This output is used by Xcode 'outputs' to avoid re-running this script phase.\necho \"SUCCESS\" > \"${SCRIPT_OUTPUT_FILE_0}\"\n";
			showEnvVarsInLog = 0;
		};
		DC32A3837324099F6E571248 /* [CP] Check Pods Manifest.lock */ = {
			isa = PBXShellScriptBuildPhase;
			buildActionMask = 2147483647;
			files = (
			);
			inputFileListPaths = (
			);
			inputPaths = (
				"${PODS_PODFILE_DIR_PATH}/Podfile.lock",
				"${PODS_ROOT}/Manifest.lock",
			);
			name = "[CP] Check Pods Manifest.lock";
			outputFileListPaths = (
			);
			outputPaths = (
				"$(DERIVED_FILE_DIR)/Pods-TendableSurvey-TendableSurveyUITests-checkManifestLockResult.txt",
			);
			runOnlyForDeploymentPostprocessing = 0;
			shellPath = /bin/sh;
			shellScript = "diff \"${PODS_PODFILE_DIR_PATH}/Podfile.lock\" \"${PODS_ROOT}/Manifest.lock\" > /dev/null\nif [ $? != 0 ] ; then\n    # print error to STDERR\n    echo \"error: The sandbox is not in sync with the Podfile.lock. Run 'pod install' or update your CocoaPods installation.\" >&2\n    exit 1\nfi\n# This output is used by Xcode 'outputs' to avoid re-running this script phase.\necho \"SUCCESS\" > \"${SCRIPT_OUTPUT_FILE_0}\"\n";
			showEnvVarsInLog = 0;
		};
		DEFABA5D48D2F28796964DF1 /* [CP] Embed Pods Frameworks */ = {
			isa = PBXShellScriptBuildPhase;
			buildActionMask = 2147483647;
			files = (
			);
			inputFileListPaths = (
				"${PODS_ROOT}/Target Support Files/Pods-TendableSurvey-TendableSurveyUITests/Pods-TendableSurvey-TendableSurveyUITests-frameworks-${CONFIGURATION}-input-files.xcfilelist",
			);
			name = "[CP] Embed Pods Frameworks";
			outputFileListPaths = (
				"${PODS_ROOT}/Target Support Files/Pods-TendableSurvey-TendableSurveyUITests/Pods-TendableSurvey-TendableSurveyUITests-frameworks-${CONFIGURATION}-output-files.xcfilelist",
			);
			runOnlyForDeploymentPostprocessing = 0;
			shellPath = /bin/sh;
			shellScript = "\"${PODS_ROOT}/Target Support Files/Pods-TendableSurvey-TendableSurveyUITests/Pods-TendableSurvey-TendableSurveyUITests-frameworks.sh\"\n";
			showEnvVarsInLog = 0;
		};
		F7CF44AEC0899B975FB3E8D1 /* [CP] Check Pods Manifest.lock */ = {
			isa = PBXShellScriptBuildPhase;
			buildActionMask = 2147483647;
			files = (
			);
			inputFileListPaths = (
			);
			inputPaths = (
				"${PODS_PODFILE_DIR_PATH}/Podfile.lock",
				"${PODS_ROOT}/Manifest.lock",
			);
			name = "[CP] Check Pods Manifest.lock";
			outputFileListPaths = (
			);
			outputPaths = (
				"$(DERIVED_FILE_DIR)/Pods-TendableSurveyTests-checkManifestLockResult.txt",
			);
			runOnlyForDeploymentPostprocessing = 0;
			shellPath = /bin/sh;
			shellScript = "diff \"${PODS_PODFILE_DIR_PATH}/Podfile.lock\" \"${PODS_ROOT}/Manifest.lock\" > /dev/null\nif [ $? != 0 ] ; then\n    # print error to STDERR\n    echo \"error: The sandbox is not in sync with the Podfile.lock. Run 'pod install' or update your CocoaPods installation.\" >&2\n    exit 1\nfi\n# This output is used by Xcode 'outputs' to avoid re-running this script phase.\necho \"SUCCESS\" > \"${SCRIPT_OUTPUT_FILE_0}\"\n";
			showEnvVarsInLog = 0;
		};
/* End PBXShellScriptBuildPhase section */

/* Begin PBXSourcesBuildPhase section */
		A58AF0E42C6284F100D742A5 /* Sources */ = {
			isa = PBXSourcesBuildPhase;
			buildActionMask = 2147483647;
			files = (
				A58AF14C2C669B3200D742A5 /* TendableSurvey.xcdatamodeld in Sources */,
				A58AF1292C62962100D742A5 /* ErrorModel.swift in Sources */,
				A58AF1262C62899300D742A5 /* Extensions.swift in Sources */,
				A58AF1412C64682500D742A5 /* SurveyFormVM.swift in Sources */,
				A58AF1622C66B64300D742A5 /* SavedListVM.swift in Sources */,
				A58AF0F02C6284F100D742A5 /* LoginRegistrationVC.swift in Sources */,
				A58AF1272C62899300D742A5 /* Reachability.swift in Sources */,
				A58AF1372C62973800D742A5 /* LoginRegistrationVM.swift in Sources */,
				A58AF1482C653AEF00D742A5 /* FormQAOptionsTVC.swift in Sources */,
				A58AF1392C62A45D00D742A5 /* SuccessModel.swift in Sources */,
				A58AF1252C62899300D742A5 /* TendableAPI.swift in Sources */,
				A58AF1542C66A4A900D742A5 /* SurveyFormEntity+CoreDataProperties.swift in Sources */,
				A58AF13F2C64673100D742A5 /* SurveyFormModel.swift in Sources */,
				A58AF14E2C669C7800D742A5 /* DBManager.swift in Sources */,
				A58AF0EC2C6284F100D742A5 /* AppDelegate.swift in Sources */,
				A58AF13D2C64670D00D742A5 /* SurveyFormVC.swift in Sources */,
				A58AF1522C66A49F00D742A5 /* SurveyFormEntity+CoreDataClass.swift in Sources */,
				A58AF15F2C66B60F00D742A5 /* SavedItemTVC.swift in Sources */,
				A58AF15B2C66B15A00D742A5 /* SavedListVC.swift in Sources */,
				A58AF1442C653ACF00D742A5 /* FormQATVC.swift in Sources */,
				A592BB7B2C73AD07002244E6 /* MockAPI.swift in Sources */,
				A58AF13B2C63C7D800D742A5 /* Common.swift in Sources */,
				A58AF0EE2C6284F100D742A5 /* SceneDelegate.swift in Sources */,
			);
			runOnlyForDeploymentPostprocessing = 0;
		};
		A58AF0FA2C6284F400D742A5 /* Sources */ = {
			isa = PBXSourcesBuildPhase;
			buildActionMask = 2147483647;
			files = (
				A58AF14F2C669E0300D742A5 /* TendableSurvey.xcdatamodeld in Sources */,
				A58AF1032C6284F400D742A5 /* TendableSurveyTests.swift in Sources */,
			);
			runOnlyForDeploymentPostprocessing = 0;
		};
		A58AF1042C6284F400D742A5 /* Sources */ = {
			isa = PBXSourcesBuildPhase;
			buildActionMask = 2147483647;
			files = (
				A58AF1502C669E0400D742A5 /* TendableSurvey.xcdatamodeld in Sources */,
				A58AF10D2C6284F400D742A5 /* TendableSurveyUITests.swift in Sources */,
				A58AF10F2C6284F400D742A5 /* TendableSurveyUITestsLaunchTests.swift in Sources */,
			);
			runOnlyForDeploymentPostprocessing = 0;
		};
/* End PBXSourcesBuildPhase section */

/* Begin PBXTargetDependency section */
		A58AF1002C6284F400D742A5 /* PBXTargetDependency */ = {
			isa = PBXTargetDependency;
			target = A58AF0E72C6284F100D742A5 /* TendableSurvey */;
			targetProxy = A58AF0FF2C6284F400D742A5 /* PBXContainerItemProxy */;
		};
		A58AF10A2C6284F400D742A5 /* PBXTargetDependency */ = {
			isa = PBXTargetDependency;
			target = A58AF0E72C6284F100D742A5 /* TendableSurvey */;
			targetProxy = A58AF1092C6284F400D742A5 /* PBXContainerItemProxy */;
		};
/* End PBXTargetDependency section */

/* Begin PBXVariantGroup section */
		A58AF0F12C6284F100D742A5 /* Main.storyboard */ = {
			isa = PBXVariantGroup;
			children = (
				A58AF0F22C6284F100D742A5 /* Base */,
			);
			name = Main.storyboard;
			sourceTree = "<group>";
		};
		A58AF0F62C6284F400D742A5 /* LaunchScreen.storyboard */ = {
			isa = PBXVariantGroup;
			children = (
				A58AF0F72C6284F400D742A5 /* Base */,
			);
			name = LaunchScreen.storyboard;
			sourceTree = "<group>";
		};
/* End PBXVariantGroup section */

/* Begin XCBuildConfiguration section */
		A58AF1102C6284F400D742A5 /* Debug */ = {
			isa = XCBuildConfiguration;
			buildSettings = {
				ALWAYS_SEARCH_USER_PATHS = NO;
				ASSETCATALOG_COMPILER_GENERATE_SWIFT_ASSET_SYMBOL_EXTENSIONS = YES;
				CLANG_ANALYZER_NONNULL = YES;
				CLANG_ANALYZER_NUMBER_OBJECT_CONVERSION = YES_AGGRESSIVE;
				CLANG_CXX_LANGUAGE_STANDARD = "gnu++20";
				CLANG_ENABLE_MODULES = YES;
				CLANG_ENABLE_OBJC_ARC = YES;
				CLANG_ENABLE_OBJC_WEAK = YES;
				CLANG_WARN_BLOCK_CAPTURE_AUTORELEASING = YES;
				CLANG_WARN_BOOL_CONVERSION = YES;
				CLANG_WARN_COMMA = YES;
				CLANG_WARN_CONSTANT_CONVERSION = YES;
				CLANG_WARN_DEPRECATED_OBJC_IMPLEMENTATIONS = YES;
				CLANG_WARN_DIRECT_OBJC_ISA_USAGE = YES_ERROR;
				CLANG_WARN_DOCUMENTATION_COMMENTS = YES;
				CLANG_WARN_EMPTY_BODY = YES;
				CLANG_WARN_ENUM_CONVERSION = YES;
				CLANG_WARN_INFINITE_RECURSION = YES;
				CLANG_WARN_INT_CONVERSION = YES;
				CLANG_WARN_NON_LITERAL_NULL_CONVERSION = YES;
				CLANG_WARN_OBJC_IMPLICIT_RETAIN_SELF = YES;
				CLANG_WARN_OBJC_LITERAL_CONVERSION = YES;
				CLANG_WARN_OBJC_ROOT_CLASS = YES_ERROR;
				CLANG_WARN_QUOTED_INCLUDE_IN_FRAMEWORK_HEADER = YES;
				CLANG_WARN_RANGE_LOOP_ANALYSIS = YES;
				CLANG_WARN_STRICT_PROTOTYPES = YES;
				CLANG_WARN_SUSPICIOUS_MOVE = YES;
				CLANG_WARN_UNGUARDED_AVAILABILITY = YES_AGGRESSIVE;
				CLANG_WARN_UNREACHABLE_CODE = YES;
				CLANG_WARN__DUPLICATE_METHOD_MATCH = YES;
				COPY_PHASE_STRIP = NO;
				DEBUG_INFORMATION_FORMAT = dwarf;
				ENABLE_STRICT_OBJC_MSGSEND = YES;
				ENABLE_TESTABILITY = YES;
				ENABLE_USER_SCRIPT_SANDBOXING = YES;
				GCC_C_LANGUAGE_STANDARD = gnu17;
				GCC_DYNAMIC_NO_PIC = NO;
				GCC_NO_COMMON_BLOCKS = YES;
				GCC_OPTIMIZATION_LEVEL = 0;
				GCC_PREPROCESSOR_DEFINITIONS = (
					"DEBUG=1",
					"$(inherited)",
				);
				GCC_WARN_64_TO_32_BIT_CONVERSION = YES;
				GCC_WARN_ABOUT_RETURN_TYPE = YES_ERROR;
				GCC_WARN_UNDECLARED_SELECTOR = YES;
				GCC_WARN_UNINITIALIZED_AUTOS = YES_AGGRESSIVE;
				GCC_WARN_UNUSED_FUNCTION = YES;
				GCC_WARN_UNUSED_VARIABLE = YES;
				IPHONEOS_DEPLOYMENT_TARGET = 17.0;
				LOCALIZATION_PREFERS_STRING_CATALOGS = YES;
				MTL_ENABLE_DEBUG_INFO = INCLUDE_SOURCE;
				MTL_FAST_MATH = YES;
				ONLY_ACTIVE_ARCH = YES;
				SDKROOT = iphoneos;
				SWIFT_ACTIVE_COMPILATION_CONDITIONS = "DEBUG $(inherited)";
				SWIFT_OPTIMIZATION_LEVEL = "-Onone";
			};
			name = Debug;
		};
		A58AF1112C6284F400D742A5 /* Release */ = {
			isa = XCBuildConfiguration;
			buildSettings = {
				ALWAYS_SEARCH_USER_PATHS = NO;
				ASSETCATALOG_COMPILER_GENERATE_SWIFT_ASSET_SYMBOL_EXTENSIONS = YES;
				CLANG_ANALYZER_NONNULL = YES;
				CLANG_ANALYZER_NUMBER_OBJECT_CONVERSION = YES_AGGRESSIVE;
				CLANG_CXX_LANGUAGE_STANDARD = "gnu++20";
				CLANG_ENABLE_MODULES = YES;
				CLANG_ENABLE_OBJC_ARC = YES;
				CLANG_ENABLE_OBJC_WEAK = YES;
				CLANG_WARN_BLOCK_CAPTURE_AUTORELEASING = YES;
				CLANG_WARN_BOOL_CONVERSION = YES;
				CLANG_WARN_COMMA = YES;
				CLANG_WARN_CONSTANT_CONVERSION = YES;
				CLANG_WARN_DEPRECATED_OBJC_IMPLEMENTATIONS = YES;
				CLANG_WARN_DIRECT_OBJC_ISA_USAGE = YES_ERROR;
				CLANG_WARN_DOCUMENTATION_COMMENTS = YES;
				CLANG_WARN_EMPTY_BODY = YES;
				CLANG_WARN_ENUM_CONVERSION = YES;
				CLANG_WARN_INFINITE_RECURSION = YES;
				CLANG_WARN_INT_CONVERSION = YES;
				CLANG_WARN_NON_LITERAL_NULL_CONVERSION = YES;
				CLANG_WARN_OBJC_IMPLICIT_RETAIN_SELF = YES;
				CLANG_WARN_OBJC_LITERAL_CONVERSION = YES;
				CLANG_WARN_OBJC_ROOT_CLASS = YES_ERROR;
				CLANG_WARN_QUOTED_INCLUDE_IN_FRAMEWORK_HEADER = YES;
				CLANG_WARN_RANGE_LOOP_ANALYSIS = YES;
				CLANG_WARN_STRICT_PROTOTYPES = YES;
				CLANG_WARN_SUSPICIOUS_MOVE = YES;
				CLANG_WARN_UNGUARDED_AVAILABILITY = YES_AGGRESSIVE;
				CLANG_WARN_UNREACHABLE_CODE = YES;
				CLANG_WARN__DUPLICATE_METHOD_MATCH = YES;
				COPY_PHASE_STRIP = NO;
				DEBUG_INFORMATION_FORMAT = "dwarf-with-dsym";
				ENABLE_NS_ASSERTIONS = NO;
				ENABLE_STRICT_OBJC_MSGSEND = YES;
				ENABLE_USER_SCRIPT_SANDBOXING = YES;
				GCC_C_LANGUAGE_STANDARD = gnu17;
				GCC_NO_COMMON_BLOCKS = YES;
				GCC_WARN_64_TO_32_BIT_CONVERSION = YES;
				GCC_WARN_ABOUT_RETURN_TYPE = YES_ERROR;
				GCC_WARN_UNDECLARED_SELECTOR = YES;
				GCC_WARN_UNINITIALIZED_AUTOS = YES_AGGRESSIVE;
				GCC_WARN_UNUSED_FUNCTION = YES;
				GCC_WARN_UNUSED_VARIABLE = YES;
				IPHONEOS_DEPLOYMENT_TARGET = 17.0;
				LOCALIZATION_PREFERS_STRING_CATALOGS = YES;
				MTL_ENABLE_DEBUG_INFO = NO;
				MTL_FAST_MATH = YES;
				SDKROOT = iphoneos;
				SWIFT_COMPILATION_MODE = wholemodule;
				VALIDATE_PRODUCT = YES;
			};
			name = Release;
		};
		A58AF1132C6284F400D742A5 /* Debug */ = {
			isa = XCBuildConfiguration;
			baseConfigurationReference = 897F0E0120EC3EB5ADB7E912 /* Pods-TendableSurvey.debug.xcconfig */;
			buildSettings = {
				ASSETCATALOG_COMPILER_APPICON_NAME = AppIcon;
				ASSETCATALOG_COMPILER_GLOBAL_ACCENT_COLOR_NAME = AccentColor;
				CODE_SIGN_STYLE = Automatic;
				CURRENT_PROJECT_VERSION = 1;
				ENABLE_USER_SCRIPT_SANDBOXING = NO;
				GENERATE_INFOPLIST_FILE = YES;
				INFOPLIST_FILE = TendableSurvey/Info.plist;
				INFOPLIST_KEY_UIApplicationSupportsIndirectInputEvents = YES;
				INFOPLIST_KEY_UILaunchStoryboardName = LaunchScreen;
				INFOPLIST_KEY_UIMainStoryboardFile = Main;
				INFOPLIST_KEY_UISupportedInterfaceOrientations_iPad = "UIInterfaceOrientationPortrait UIInterfaceOrientationPortraitUpsideDown UIInterfaceOrientationLandscapeLeft UIInterfaceOrientationLandscapeRight";
				INFOPLIST_KEY_UISupportedInterfaceOrientations_iPhone = "UIInterfaceOrientationPortrait UIInterfaceOrientationLandscapeLeft UIInterfaceOrientationLandscapeRight";
				LD_RUNPATH_SEARCH_PATHS = (
					"$(inherited)",
					"@executable_path/Frameworks",
				);
				MARKETING_VERSION = 1.0;
				PRODUCT_BUNDLE_IDENTIFIER = subso.TendableSurvey;
				PRODUCT_NAME = "$(TARGET_NAME)";
				SWIFT_EMIT_LOC_STRINGS = YES;
				SWIFT_VERSION = 5.0;
				TARGETED_DEVICE_FAMILY = "1,2";
			};
			name = Debug;
		};
		A58AF1142C6284F400D742A5 /* Release */ = {
			isa = XCBuildConfiguration;
			baseConfigurationReference = 8C8900CEF0BE1B3C4E18FEC0 /* Pods-TendableSurvey.release.xcconfig */;
			buildSettings = {
				ASSETCATALOG_COMPILER_APPICON_NAME = AppIcon;
				ASSETCATALOG_COMPILER_GLOBAL_ACCENT_COLOR_NAME = AccentColor;
				CODE_SIGN_STYLE = Automatic;
				CURRENT_PROJECT_VERSION = 1;
				ENABLE_USER_SCRIPT_SANDBOXING = NO;
				GENERATE_INFOPLIST_FILE = YES;
				INFOPLIST_FILE = TendableSurvey/Info.plist;
				INFOPLIST_KEY_UIApplicationSupportsIndirectInputEvents = YES;
				INFOPLIST_KEY_UILaunchStoryboardName = LaunchScreen;
				INFOPLIST_KEY_UIMainStoryboardFile = Main;
				INFOPLIST_KEY_UISupportedInterfaceOrientations_iPad = "UIInterfaceOrientationPortrait UIInterfaceOrientationPortraitUpsideDown UIInterfaceOrientationLandscapeLeft UIInterfaceOrientationLandscapeRight";
				INFOPLIST_KEY_UISupportedInterfaceOrientations_iPhone = "UIInterfaceOrientationPortrait UIInterfaceOrientationLandscapeLeft UIInterfaceOrientationLandscapeRight";
				LD_RUNPATH_SEARCH_PATHS = (
					"$(inherited)",
					"@executable_path/Frameworks",
				);
				MARKETING_VERSION = 1.0;
				PRODUCT_BUNDLE_IDENTIFIER = subso.TendableSurvey;
				PRODUCT_NAME = "$(TARGET_NAME)";
				SWIFT_EMIT_LOC_STRINGS = YES;
				SWIFT_VERSION = 5.0;
				TARGETED_DEVICE_FAMILY = "1,2";
			};
			name = Release;
		};
		A58AF1162C6284F400D742A5 /* Debug */ = {
			isa = XCBuildConfiguration;
			baseConfigurationReference = FFD14E4A09A2AAB7F19FEFF8 /* Pods-TendableSurveyTests.debug.xcconfig */;
			buildSettings = {
				ALWAYS_EMBED_SWIFT_STANDARD_LIBRARIES = YES;
				BUNDLE_LOADER = "$(TEST_HOST)";
				CODE_SIGN_STYLE = Automatic;
				CURRENT_PROJECT_VERSION = 1;
				ENABLE_USER_SCRIPT_SANDBOXING = NO;
				GENERATE_INFOPLIST_FILE = YES;
				IPHONEOS_DEPLOYMENT_TARGET = 17.0;
				MARKETING_VERSION = 1.0;
				PRODUCT_BUNDLE_IDENTIFIER = subso.TendableSurveyTests;
				PRODUCT_NAME = "$(TARGET_NAME)";
				SWIFT_EMIT_LOC_STRINGS = NO;
				SWIFT_VERSION = 5.0;
				TARGETED_DEVICE_FAMILY = "1,2";
				TEST_HOST = "$(BUILT_PRODUCTS_DIR)/TendableSurvey.app/$(BUNDLE_EXECUTABLE_FOLDER_PATH)/TendableSurvey";
			};
			name = Debug;
		};
		A58AF1172C6284F400D742A5 /* Release */ = {
			isa = XCBuildConfiguration;
			baseConfigurationReference = 2178AA09B4E808B20BBAF5B6 /* Pods-TendableSurveyTests.release.xcconfig */;
			buildSettings = {
				ALWAYS_EMBED_SWIFT_STANDARD_LIBRARIES = YES;
				BUNDLE_LOADER = "$(TEST_HOST)";
				CODE_SIGN_STYLE = Automatic;
				CURRENT_PROJECT_VERSION = 1;
				ENABLE_USER_SCRIPT_SANDBOXING = NO;
				GENERATE_INFOPLIST_FILE = YES;
				IPHONEOS_DEPLOYMENT_TARGET = 17.0;
				MARKETING_VERSION = 1.0;
				PRODUCT_BUNDLE_IDENTIFIER = subso.TendableSurveyTests;
				PRODUCT_NAME = "$(TARGET_NAME)";
				SWIFT_EMIT_LOC_STRINGS = NO;
				SWIFT_VERSION = 5.0;
				TARGETED_DEVICE_FAMILY = "1,2";
				TEST_HOST = "$(BUILT_PRODUCTS_DIR)/TendableSurvey.app/$(BUNDLE_EXECUTABLE_FOLDER_PATH)/TendableSurvey";
			};
			name = Release;
		};
		A58AF1192C6284F400D742A5 /* Debug */ = {
			isa = XCBuildConfiguration;
			baseConfigurationReference = 49AFE2E803BD7EBB5E286E0F /* Pods-TendableSurvey-TendableSurveyUITests.debug.xcconfig */;
			buildSettings = {
				ALWAYS_EMBED_SWIFT_STANDARD_LIBRARIES = YES;
				CODE_SIGN_STYLE = Automatic;
				CURRENT_PROJECT_VERSION = 1;
				ENABLE_USER_SCRIPT_SANDBOXING = NO;
				GENERATE_INFOPLIST_FILE = YES;
				MARKETING_VERSION = 1.0;
				PRODUCT_BUNDLE_IDENTIFIER = subso.TendableSurveyUITests;
				PRODUCT_NAME = "$(TARGET_NAME)";
				SWIFT_EMIT_LOC_STRINGS = NO;
				SWIFT_VERSION = 5.0;
				TARGETED_DEVICE_FAMILY = "1,2";
				TEST_TARGET_NAME = TendableSurvey;
			};
			name = Debug;
		};
		A58AF11A2C6284F400D742A5 /* Release */ = {
			isa = XCBuildConfiguration;
			baseConfigurationReference = 4FB35F243092698241736231 /* Pods-TendableSurvey-TendableSurveyUITests.release.xcconfig */;
			buildSettings = {
				ALWAYS_EMBED_SWIFT_STANDARD_LIBRARIES = YES;
				CODE_SIGN_STYLE = Automatic;
				CURRENT_PROJECT_VERSION = 1;
				ENABLE_USER_SCRIPT_SANDBOXING = NO;
				GENERATE_INFOPLIST_FILE = YES;
				MARKETING_VERSION = 1.0;
				PRODUCT_BUNDLE_IDENTIFIER = subso.TendableSurveyUITests;
				PRODUCT_NAME = "$(TARGET_NAME)";
				SWIFT_EMIT_LOC_STRINGS = NO;
				SWIFT_VERSION = 5.0;
				TARGETED_DEVICE_FAMILY = "1,2";
				TEST_TARGET_NAME = TendableSurvey;
			};
			name = Release;
		};
/* End XCBuildConfiguration section */

/* Begin XCConfigurationList section */
		A58AF0E32C6284F100D742A5 /* Build configuration list for PBXProject "TendableSurvey" */ = {
			isa = XCConfigurationList;
			buildConfigurations = (
				A58AF1102C6284F400D742A5 /* Debug */,
				A58AF1112C6284F400D742A5 /* Release */,
			);
			defaultConfigurationIsVisible = 0;
			defaultConfigurationName = Release;
		};
		A58AF1122C6284F400D742A5 /* Build configuration list for PBXNativeTarget "TendableSurvey" */ = {
			isa = XCConfigurationList;
			buildConfigurations = (
				A58AF1132C6284F400D742A5 /* Debug */,
				A58AF1142C6284F400D742A5 /* Release */,
			);
			defaultConfigurationIsVisible = 0;
			defaultConfigurationName = Release;
		};
		A58AF1152C6284F400D742A5 /* Build configuration list for PBXNativeTarget "TendableSurveyTests" */ = {
			isa = XCConfigurationList;
			buildConfigurations = (
				A58AF1162C6284F400D742A5 /* Debug */,
				A58AF1172C6284F400D742A5 /* Release */,
			);
			defaultConfigurationIsVisible = 0;
			defaultConfigurationName = Release;
		};
		A58AF1182C6284F400D742A5 /* Build configuration list for PBXNativeTarget "TendableSurveyUITests" */ = {
			isa = XCConfigurationList;
			buildConfigurations = (
				A58AF1192C6284F400D742A5 /* Debug */,
				A58AF11A2C6284F400D742A5 /* Release */,
			);
			defaultConfigurationIsVisible = 0;
			defaultConfigurationName = Release;
		};
/* End XCConfigurationList section */

/* Begin XCVersionGroup section */
		A58AF14A2C669B3200D742A5 /* TendableSurvey.xcdatamodeld */ = {
			isa = XCVersionGroup;
			children = (
				A58AF14B2C669B3200D742A5 /* TendableSurvey.xcdatamodel */,
			);
			currentVersion = A58AF14B2C669B3200D742A5 /* TendableSurvey.xcdatamodel */;
			path = TendableSurvey.xcdatamodeld;
			sourceTree = "<group>";
			versionGroupType = wrapper.xcdatamodel;
		};
/* End XCVersionGroup section */
	};
	rootObject = A58AF0E02C6284F100D742A5 /* Project object */;
}
